
Microsoft Visual Studio Solution File, Format Version 12.00
# Visual Studio 15
VisualStudioVersion = 15.0.28307.757
MinimumVisualStudioVersion = 10.0.40219.1
Project("{FAE04EC0-301F-11D3-BF4B-00C04F79EFBC}") = "Phoneword.Android", "Phoneword\Phoneword.Android\Phoneword.Android.csproj", "{3D7D3D3B-A163-4B83-90B2-293B9E5B15FE}"
EndProject
Project("{FAE04EC0-301F-11D3-BF4B-00C04F79EFBC}") = "Phoneword.iOS", "Phoneword\Phoneword.iOS\Phoneword.iOS.csproj", "{7C1CC6A8-02CA-4F65-B828-A757CB286BBD}"
EndProject
Project("{FAE04EC0-301F-11D3-BF4B-00C04F79EFBC}") = "Phoneword", "Phoneword\Phoneword\Phoneword.csproj", "{F859E563-C4FF-4B25-8659-EF22FF2F8D22}"
EndProject
Global
	GlobalSection(SolutionConfigurationPlatforms) = preSolution
		Ad-Hoc|Any CPU = Ad-Hoc|Any CPU
		Ad-Hoc|iPhone = Ad-Hoc|iPhone
		Ad-Hoc|iPhoneSimulator = Ad-Hoc|iPhoneSimulator
		AppStore|Any CPU = AppStore|Any CPU
		AppStore|iPhone = AppStore|iPhone
		AppStore|iPhoneSimulator = AppStore|iPhoneSimulator
		Debug|Any CPU = Debug|Any CPU
		Debug|iPhone = Debug|iPhone
		Debug|iPhoneSimulator = Debug|iPhoneSimulator
		Release|Any CPU = Release|Any CPU
		Release|iPhone = Release|iPhone
		Release|iPhoneSimulator = Release|iPhoneSimulator
	EndGlobalSection
	GlobalSection(ProjectConfigurationPlatforms) = postSolution
		{3D7D3D3B-A163-4B83-90B2-293B9E5B15FE}.Ad-Hoc|Any CPU.ActiveCfg = Release|Any CPU
		{3D7D3D3B-A163-4B83-90B2-293B9E5B15FE}.Ad-Hoc|Any CPU.Build.0 = Release|Any CPU
		{3D7D3D3B-A163-4B83-90B2-293B9E5B15FE}.Ad-Hoc|Any CPU.Deploy.0 = Release|Any CPU
		{3D7D3D3B-A163-4B83-90B2-293B9E5B15FE}.Ad-Hoc|iPhone.ActiveCfg = Release|Any CPU
		{3D7D3D3B-A163-4B83-90B2-293B9E5B15FE}.Ad-Hoc|iPhone.Build.0 = Release|Any CPU
		{3D7D3D3B-A163-4B83-90B2-293B9E5B15FE}.Ad-Hoc|iPhone.Deploy.0 = Release|Any CPU
		{3D7D3D3B-A163-4B83-90B2-293B9E5B15FE}.Ad-Hoc|iPhoneSimulator.ActiveCfg = Release|Any CPU
		{3D7D3D3B-A163-4B83-90B2-293B9E5B15FE}.Ad-Hoc|iPhoneSimulator.Build.0 = Release|Any CPU
		{3D7D3D3B-A163-4B83-90B2-293B9E5B15FE}.Ad-Hoc|iPhoneSimulator.Deploy.0 = Release|Any CPU
		{3D7D3D3B-A163-4B83-90B2-293B9E5B15FE}.AppStore|Any CPU.ActiveCfg = Release|Any CPU
		{3D7D3D3B-A163-4B83-90B2-293B9E5B15FE}.AppStore|Any CPU.Build.0 = Release|Any CPU
		{3D7D3D3B-A163-4B83-90B2-293B9E5B15FE}.AppStore|Any CPU.Deploy.0 = Release|Any CPU
		{3D7D3D3B-A163-4B83-90B2-293B9E5B15FE}.AppStore|iPhone.ActiveCfg = Release|Any CPU
		{3D7D3D3B-A163-4B83-90B2-293B9E5B15FE}.AppStore|iPhone.Build.0 = Release|Any CPU
		{3D7D3D3B-A163-4B83-90B2-293B9E5B15FE}.AppStore|iPhone.Deploy.0 = Release|Any CPU
		{3D7D3D3B-A163-4B83-90B2-293B9E5B15FE}.AppStore|iPhoneSimulator.ActiveCfg = Release|Any CPU
		{3D7D3D3B-A163-4B83-90B2-293B9E5B15FE}.AppStore|iPhoneSimulator.Build.0 = Release|Any CPU
		{3D7D3D3B-A163-4B83-90B2-293B9E5B15FE}.AppStore|iPhoneSimulator.Deploy.0 = Release|Any CPU
		{3D7D3D3B-A163-4B83-90B2-293B9E5B15FE}.Debug|Any CPU.ActiveCfg = Debug|Any CPU
		{3D7D3D3B-A163-4B83-90B2-293B9E5B15FE}.Debug|Any CPU.Build.0 = Debug|Any CPU
		{3D7D3D3B-A163-4B83-90B2-293B9E5B15FE}.Debug|Any CPU.Deploy.0 = Debug|Any CPU
		{3D7D3D3B-A163-4B83-90B2-293B9E5B15FE}.Debug|iPhone.ActiveCfg = Debug|Any CPU
		{3D7D3D3B-A163-4B83-90B2-293B9E5B15FE}.Debug|iPhone.Build.0 = Debug|Any CPU
		{3D7D3D3B-A163-4B83-90B2-293B9E5B15FE}.Debug|iPhone.Deploy.0 = Debug|Any CPU
		{3D7D3D3B-A163-4B83-90B2-293B9E5B15FE}.Debug|iPhoneSimulator.ActiveCfg = Debug|Any CPU
		{3D7D3D3B-A163-4B83-90B2-293B9E5B15FE}.Debug|iPhoneSimulator.Build.0 = Debug|Any CPU
		{3D7D3D3B-A163-4B83-90B2-293B9E5B15FE}.Debug|iPhoneSimulator.Deploy.0 = Debug|Any CPU
		{3D7D3D3B-A163-4B83-90B2-293B9E5B15FE}.Release|Any CPU.ActiveCfg = Release|Any CPU
		{3D7D3D3B-A163-4B83-90B2-293B9E5B15FE}.Release|Any CPU.Build.0 = Release|Any CPU
		{3D7D3D3B-A163-4B83-90B2-293B9E5B15FE}.Release|Any CPU.Deploy.0 = Release|Any CPU
		{3D7D3D3B-A163-4B83-90B2-293B9E5B15FE}.Release|iPhone.ActiveCfg = Release|Any CPU
		{3D7D3D3B-A163-4B83-90B2-293B9E5B15FE}.Release|iPhone.Build.0 = Release|Any CPU
		{3D7D3D3B-A163-4B83-90B2-293B9E5B15FE}.Release|iPhone.Deploy.0 = Release|Any CPU
		{3D7D3D3B-A163-4B83-90B2-293B9E5B15FE}.Release|iPhoneSimulator.ActiveCfg = Release|Any CPU
		{3D7D3D3B-A163-4B83-90B2-293B9E5B15FE}.Release|iPhoneSimulator.Build.0 = Release|Any CPU
		{3D7D3D3B-A163-4B83-90B2-293B9E5B15FE}.Release|iPhoneSimulator.Deploy.0 = Release|Any CPU
		{7C1CC6A8-02CA-4F65-B828-A757CB286BBD}.Ad-Hoc|Any CPU.ActiveCfg = Ad-Hoc|iPhone
		{7C1CC6A8-02CA-4F65-B828-A757CB286BBD}.Ad-Hoc|Any CPU.Build.0 = Ad-Hoc|iPhone
		{7C1CC6A8-02CA-4F65-B828-A757CB286BBD}.Ad-Hoc|Any CPU.Deploy.0 = Ad-Hoc|iPhone
		{7C1CC6A8-02CA-4F65-B828-A757CB286BBD}.Ad-Hoc|iPhone.ActiveCfg = Ad-Hoc|iPhone
		{7C1CC6A8-02CA-4F65-B828-A757CB286BBD}.Ad-Hoc|iPhone.Build.0 = Ad-Hoc|iPhone
		{7C1CC6A8-02CA-4F65-B828-A757CB286BBD}.Ad-Hoc|iPhone.Deploy.0 = Ad-Hoc|iPhone
		{7C1CC6A8-02CA-4F65-B828-A757CB286BBD}.Ad-Hoc|iPhoneSimulator.ActiveCfg = Ad-Hoc|iPhoneSimulator
		{7C1CC6A8-02CA-4F65-B828-A757CB286BBD}.Ad-Hoc|iPhoneSimulator.Build.0 = Ad-Hoc|iPhoneSimulator
		{7C1CC6A8-02CA-4F65-B828-A757CB286BBD}.Ad-Hoc|iPhoneSimulator.Deploy.0 = Ad-Hoc|iPhoneSimulator
		{7C1CC6A8-02CA-4F65-B828-A757CB286BBD}.AppStore|Any CPU.ActiveCfg = AppStore|iPhone
		{7C1CC6A8-02CA-4F65-B828-A757CB286BBD}.AppStore|Any CPU.Build.0 = AppStore|iPhone
		{7C1CC6A8-02CA-4F65-B828-A757CB286BBD}.AppStore|Any CPU.Deploy.0 = AppStore|iPhone
		{7C1CC6A8-02CA-4F65-B828-A757CB286BBD}.AppStore|iPhone.ActiveCfg = AppStore|iPhone
		{7C1CC6A8-02CA-4F65-B828-A757CB286BBD}.AppStore|iPhone.Build.0 = AppStore|iPhone
		{7C1CC6A8-02CA-4F65-B828-A757CB286BBD}.AppStore|iPhone.Deploy.0 = AppStore|iPhone
		{7C1CC6A8-02CA-4F65-B828-A757CB286BBD}.AppStore|iPhoneSimulator.ActiveCfg = AppStore|iPhoneSimulator
		{7C1CC6A8-02CA-4F65-B828-A757CB286BBD}.AppStore|iPhoneSimulator.Build.0 = AppStore|iPhoneSimulator
		{7C1CC6A8-02CA-4F65-B828-A757CB286BBD}.AppStore|iPhoneSimulator.Deploy.0 = AppStore|iPhoneSimulator
		{7C1CC6A8-02CA-4F65-B828-A757CB286BBD}.Debug|Any CPU.ActiveCfg = Debug|iPhoneSimulator
		{7C1CC6A8-02CA-4F65-B828-A757CB286BBD}.Debug|Any CPU.Build.0 = Debug|iPhoneSimulator
		{7C1CC6A8-02CA-4F65-B828-A757CB286BBD}.Debug|Any CPU.Deploy.0 = Debug|iPhoneSimulator
		{7C1CC6A8-02CA-4F65-B828-A757CB286BBD}.Debug|iPhone.ActiveCfg = Debug|iPhone
		{7C1CC6A8-02CA-4F65-B828-A757CB286BBD}.Debug|iPhone.Build.0 = Debug|iPhone
		{7C1CC6A8-02CA-4F65-B828-A757CB286BBD}.Debug|iPhone.Deploy.0 = Debug|iPhone
		{7C1CC6A8-02CA-4F65-B828-A757CB286BBD}.Debug|iPhoneSimulator.ActiveCfg = Debug|iPhoneSimulator
		{7C1CC6A8-02CA-4F65-B828-A757CB286BBD}.Debug|iPhoneSimulator.Build.0 = Debug|iPhoneSimulator
		{7C1CC6A8-02CA-4F65-B828-A757CB286BBD}.Debug|iPhoneSimulator.Deploy.0 = Debug|iPhoneSimulator
		{7C1CC6A8-02CA-4F65-B828-A757CB286BBD}.Release|Any CPU.ActiveCfg = Release|iPhone
		{7C1CC6A8-02CA-4F65-B828-A757CB286BBD}.Release|Any CPU.Build.0 = Release|iPhone
		{7C1CC6A8-02CA-4F65-B828-A757CB286BBD}.Release|Any CPU.Deploy.0 = Release|iPhone
		{7C1CC6A8-02CA-4F65-B828-A757CB286BBD}.Release|iPhone.ActiveCfg = Release|iPhone
		{7C1CC6A8-02CA-4F65-B828-A757CB286BBD}.Release|iPhone.Build.0 = Release|iPhone
		{7C1CC6A8-02CA-4F65-B828-A757CB286BBD}.Release|iPhone.Deploy.0 = Release|iPhone
		{7C1CC6A8-02CA-4F65-B828-A757CB286BBD}.Release|iPhoneSimulator.ActiveCfg = Release|iPhoneSimulator
		{7C1CC6A8-02CA-4F65-B828-A757CB286BBD}.Release|iPhoneSimulator.Build.0 = Release|iPhoneSimulator
		{7C1CC6A8-02CA-4F65-B828-A757CB286BBD}.Release|iPhoneSimulator.Deploy.0 = Release|iPhoneSimulator
		{F859E563-C4FF-4B25-8659-EF22FF2F8D22}.Ad-Hoc|Any CPU.ActiveCfg = Debug|Any CPU
		{F859E563-C4FF-4B25-8659-EF22FF2F8D22}.Ad-Hoc|Any CPU.Build.0 = Debug|Any CPU
		{F859E563-C4FF-4B25-8659-EF22FF2F8D22}.Ad-Hoc|Any CPU.Deploy.0 = Debug|Any CPU
		{F859E563-C4FF-4B25-8659-EF22FF2F8D22}.Ad-Hoc|iPhone.ActiveCfg = Debug|Any CPU
		{F859E563-C4FF-4B25-8659-EF22FF2F8D22}.Ad-Hoc|iPhone.Build.0 = Debug|Any CPU
		{F859E563-C4FF-4B25-8659-EF22FF2F8D22}.Ad-Hoc|iPhone.Deploy.0 = Debug|Any CPU
		{F859E563-C4FF-4B25-8659-EF22FF2F8D22}.Ad-Hoc|iPhoneSimulator.ActiveCfg = Debug|Any CPU
		{F859E563-C4FF-4B25-8659-EF22FF2F8D22}.Ad-Hoc|iPhoneSimulator.Build.0 = Debug|Any CPU
		{F859E563-C4FF-4B25-8659-EF22FF2F8D22}.Ad-Hoc|iPhoneSimulator.Deploy.0 = Debug|Any CPU
		{F859E563-C4FF-4B25-8659-EF22FF2F8D22}.AppStore|Any CPU.ActiveCfg = Debug|Any CPU
		{F859E563-C4FF-4B25-8659-EF22FF2F8D22}.AppStore|Any CPU.Build.0 = Debug|Any CPU
		{F859E563-C4FF-4B25-8659-EF22FF2F8D22}.AppStore|Any CPU.Deploy.0 = Debug|Any CPU
		{F859E563-C4FF-4B25-8659-EF22FF2F8D22}.AppStore|iPhone.ActiveCfg = Debug|Any CPU
		{F859E563-C4FF-4B25-8659-EF22FF2F8D22}.AppStore|iPhone.Build.0 = Debug|Any CPU
		{F859E563-C4FF-4B25-8659-EF22FF2F8D22}.AppStore|iPhone.Deploy.0 = Debug|Any CPU
		{F859E563-C4FF-4B25-8659-EF22FF2F8D22}.AppStore|iPhoneSimulator.ActiveCfg = Debug|Any CPU
		{F859E563-C4FF-4B25-8659-EF22FF2F8D22}.AppStore|iPhoneSimulator.Build.0 = Debug|Any CPU
		{F859E563-C4FF-4B25-8659-EF22FF2F8D22}.AppStore|iPhoneSimulator.Deploy.0 = Debug|Any CPU
		{F859E563-C4FF-4B25-8659-EF22FF2F8D22}.Debug|Any CPU.ActiveCfg = Debug|Any CPU
		{F859E563-C4FF-4B25-8659-EF22FF2F8D22}.Debug|Any CPU.Build.0 = Debug|Any CPU
		{F859E563-C4FF-4B25-8659-EF22FF2F8D22}.Debug|Any CPU.Deploy.0 = Debug|Any CPU
		{F859E563-C4FF-4B25-8659-EF22FF2F8D22}.Debug|iPhone.ActiveCfg = Debug|Any CPU
		{F859E563-C4FF-4B25-8659-EF22FF2F8D22}.Debug|iPhone.Build.0 = Debug|Any CPU
		{F859E563-C4FF-4B25-8659-EF22FF2F8D22}.Debug|iPhone.Deploy.0 = Debug|Any CPU
		{F859E563-C4FF-4B25-8659-EF22FF2F8D22}.Debug|iPhoneSimulator.ActiveCfg = Debug|Any CPU
		{F859E563-C4FF-4B25-8659-EF22FF2F8D22}.Debug|iPhoneSimulator.Build.0 = Debug|Any CPU
		{F859E563-C4FF-4B25-8659-EF22FF2F8D22}.Debug|iPhoneSimulator.Deploy.0 = Debug|Any CPU
		{F859E563-C4FF-4B25-8659-EF22FF2F8D22}.Release|Any CPU.ActiveCfg = Release|Any CPU
		{F859E563-C4FF-4B25-8659-EF22FF2F8D22}.Release|Any CPU.Build.0 = Release|Any CPU
		{F859E563-C4FF-4B25-8659-EF22FF2F8D22}.Release|Any CPU.Deploy.0 = Release|Any CPU
		{F859E563-C4FF-4B25-8659-EF22FF2F8D22}.Release|iPhone.ActiveCfg = Release|Any CPU
		{F859E563-C4FF-4B25-8659-EF22FF2F8D22}.Release|iPhone.Build.0 = Release|Any CPU
		{F859E563-C4FF-4B25-8659-EF22FF2F8D22}.Release|iPhone.Deploy.0 = Release|Any CPU
		{F859E563-C4FF-4B25-8659-EF22FF2F8D22}.Release|iPhoneSimulator.ActiveCfg = Release|Any CPU
		{F859E563-C4FF-4B25-8659-EF22FF2F8D22}.Release|iPhoneSimulator.Build.0 = Release|Any CPU
		{F859E563-C4FF-4B25-8659-EF22FF2F8D22}.Release|iPhoneSimulator.Deploy.0 = Release|Any CPU
	EndGlobalSection
	GlobalSection(SolutionProperties) = preSolution
		HideSolutionNode = FALSE
	EndGlobalSection
	GlobalSection(ExtensibilityGlobals) = postSolution
		SolutionGuid = {D785BDF5-AC53-4FE5-B406-DF492D433628}
	EndGlobalSection
EndGlobal
